
Microsoft Visual Studio Solution File, Format Version 12.00
# Visual Studio Version 17
VisualStudioVersion = 17.8.34330.188
MinimumVisualStudioVersion = 10.0.40219.1
Project("{FAE04EC0-301F-11D3-BF4B-00C04F79EFBC}") = "File Managing", "File Managing\File Managing.csproj", "{F19C8755-7E09-4D8D-98FF-2A71C011A5FC}"
EndProject
Global
	GlobalSection(SolutionConfigurationPlatforms) = preSolution
		Debug|Any CPU = Debug|Any CPU
		Release|Any CPU = Release|Any CPU
	EndGlobalSection
	GlobalSection(ProjectConfigurationPlatforms) = postSolution
		{F19C8755-7E09-4D8D-98FF-2A71C011A5FC}.Debug|Any CPU.ActiveCfg = Debug|Any CPU
		{F19C8755-7E09-4D8D-98FF-2A71C011A5FC}.Debug|Any CPU.Build.0 = Debug|Any CPU
		{F19C8755-7E09-4D8D-98FF-2A71C011A5FC}.Release|Any CPU.ActiveCfg = Release|Any CPU
		{F19C8755-7E09-4D8D-98FF-2A71C011A5FC}.Release|Any CPU.Build.0 = Release|Any CPU
	EndGlobalSection
	GlobalSection(SolutionProperties) = preSolution
		HideSolutionNode = FALSE
	EndGlobalSection
	GlobalSection(ExtensibilityGlobals) = postSolution
		SolutionGuid = {F0A3906A-FE71-4FB2-B0AA-539501733922}
	EndGlobalSection
EndGlobal
